{
    "version": 3,
    "terraform_version": "0.9.5",
    "serial": 27,
    "lineage": "2a4df2ec-8020-4519-93a7-888c39c9bf3f",
    "modules": [
        {
            "path": [
                "root"
            ],
            "outputs": {
                "barman": {
                    "sensitive": false,
                    "type": "string",
                    "value": "10.128.0.3\n35.188.44.21"
                },
                "master": {
                    "sensitive": false,
                    "type": "string",
                    "value": "10.128.0.5\n146.148.58.69"
                },
                "standby1": {
                    "sensitive": false,
                    "type": "string",
                    "value": "10.128.0.2\n104.197.153.215"
                },
                "standby2": {
                    "sensitive": false,
                    "type": "string",
                    "value": "10.128.0.4\n104.197.202.89"
                }
            },
            "resources": {
                "google_compute_instance.barman": {
                    "type": "google_compute_instance",
                    "depends_on": [],
                    "primary": {
                        "id": "barman",
                        "attributes": {
                            "attached_disk.#": "0",
                            "can_ip_forward": "false",
                            "create_timeout": "4",
                            "disk.#": "1",
                            "disk.0.auto_delete": "true",
                            "disk.0.device_name": "",
                            "disk.0.disk": "",
                            "disk.0.disk_encryption_key_raw": "",
                            "disk.0.disk_encryption_key_sha256": "",
                            "disk.0.image": "debian-8-jessie-v20170426",
                            "disk.0.scratch": "false",
                            "disk.0.size": "0",
                            "disk.0.type": "",
                            "id": "barman",
                            "machine_type": "f1-micro",
                            "metadata.%": "0",
                            "metadata_fingerprint": "OAE7J2y_PeU=",
                            "name": "barman",
                            "network.#": "0",
                            "network_interface.#": "1",
                            "network_interface.0.access_config.#": "1",
                            "network_interface.0.access_config.0.assigned_nat_ip": "35.188.44.21",
                            "network_interface.0.access_config.0.nat_ip": "",
                            "network_interface.0.address": "10.128.0.3",
                            "network_interface.0.name": "nic0",
                            "network_interface.0.network": "default",
                            "network_interface.0.subnetwork": "",
                            "network_interface.0.subnetwork_project": "",
                            "self_link": "https://www.googleapis.com/compute/v1/projects/testing-168423/zones/us-central1-c/instances/barman",
                            "service_account.#": "0",
                            "tags_fingerprint": "42WmSpB8rSM=",
                            "zone": "us-central1-c"
                        },
                        "meta": {
                            "schema_version": "2"
                        },
                        "tainted": false
                    },
                    "deposed": [],
                    "provider": ""
                },
                "google_compute_instance.master": {
                    "type": "google_compute_instance",
                    "depends_on": [],
                    "primary": {
                        "id": "master",
                        "attributes": {
                            "attached_disk.#": "0",
                            "can_ip_forward": "false",
                            "create_timeout": "4",
                            "disk.#": "1",
                            "disk.0.auto_delete": "true",
                            "disk.0.device_name": "",
                            "disk.0.disk": "",
                            "disk.0.disk_encryption_key_raw": "",
                            "disk.0.disk_encryption_key_sha256": "",
                            "disk.0.image": "debian-8-jessie-v20170426",
                            "disk.0.scratch": "false",
                            "disk.0.size": "0",
                            "disk.0.type": "",
                            "id": "master",
                            "machine_type": "f1-micro",
                            "metadata.%": "0",
                            "metadata_fingerprint": "OAE7J2y_PeU=",
                            "name": "master",
                            "network.#": "0",
                            "network_interface.#": "1",
                            "network_interface.0.access_config.#": "1",
                            "network_interface.0.access_config.0.assigned_nat_ip": "146.148.58.69",
                            "network_interface.0.access_config.0.nat_ip": "",
                            "network_interface.0.address": "10.128.0.5",
                            "network_interface.0.name": "nic0",
                            "network_interface.0.network": "default",
                            "network_interface.0.subnetwork": "",
                            "network_interface.0.subnetwork_project": "",
                            "self_link": "https://www.googleapis.com/compute/v1/projects/testing-168423/zones/us-central1-c/instances/master",
                            "service_account.#": "0",
                            "tags_fingerprint": "42WmSpB8rSM=",
                            "zone": "us-central1-c"
                        },
                        "meta": {
                            "schema_version": "2"
                        },
                        "tainted": false
                    },
                    "deposed": [],
                    "provider": ""
                },
                "google_compute_instance.standby1": {
                    "type": "google_compute_instance",
                    "depends_on": [],
                    "primary": {
                        "id": "standby1",
                        "attributes": {
                            "attached_disk.#": "0",
                            "can_ip_forward": "false",
                            "create_timeout": "4",
                            "disk.#": "1",
                            "disk.0.auto_delete": "true",
                            "disk.0.device_name": "",
                            "disk.0.disk": "",
                            "disk.0.disk_encryption_key_raw": "",
                            "disk.0.disk_encryption_key_sha256": "",
                            "disk.0.image": "debian-8-jessie-v20170426",
                            "disk.0.scratch": "false",
                            "disk.0.size": "0",
                            "disk.0.type": "",
                            "id": "standby1",
                            "machine_type": "f1-micro",
                            "metadata.%": "0",
                            "metadata_fingerprint": "OAE7J2y_PeU=",
                            "name": "standby1",
                            "network.#": "0",
                            "network_interface.#": "1",
                            "network_interface.0.access_config.#": "1",
                            "network_interface.0.access_config.0.assigned_nat_ip": "104.197.153.215",
                            "network_interface.0.access_config.0.nat_ip": "",
                            "network_interface.0.address": "10.128.0.2",
                            "network_interface.0.name": "nic0",
                            "network_interface.0.network": "default",
                            "network_interface.0.subnetwork": "",
                            "network_interface.0.subnetwork_project": "",
                            "self_link": "https://www.googleapis.com/compute/v1/projects/testing-168423/zones/us-central1-c/instances/standby1",
                            "service_account.#": "0",
                            "tags_fingerprint": "42WmSpB8rSM=",
                            "zone": "us-central1-c"
                        },
                        "meta": {
                            "schema_version": "2"
                        },
                        "tainted": false
                    },
                    "deposed": [],
                    "provider": ""
                },
                "google_compute_instance.standby2": {
                    "type": "google_compute_instance",
                    "depends_on": [],
                    "primary": {
                        "id": "standby2",
                        "attributes": {
                            "attached_disk.#": "0",
                            "can_ip_forward": "false",
                            "create_timeout": "4",
                            "disk.#": "1",
                            "disk.0.auto_delete": "true",
                            "disk.0.device_name": "",
                            "disk.0.disk": "",
                            "disk.0.disk_encryption_key_raw": "",
                            "disk.0.disk_encryption_key_sha256": "",
                            "disk.0.image": "debian-8-jessie-v20170426",
                            "disk.0.scratch": "false",
                            "disk.0.size": "0",
                            "disk.0.type": "",
                            "id": "standby2",
                            "machine_type": "f1-micro",
                            "metadata.%": "0",
                            "metadata_fingerprint": "OAE7J2y_PeU=",
                            "name": "standby2",
                            "network.#": "0",
                            "network_interface.#": "1",
                            "network_interface.0.access_config.#": "1",
                            "network_interface.0.access_config.0.assigned_nat_ip": "104.197.202.89",
                            "network_interface.0.access_config.0.nat_ip": "",
                            "network_interface.0.address": "10.128.0.4",
                            "network_interface.0.name": "nic0",
                            "network_interface.0.network": "default",
                            "network_interface.0.subnetwork": "",
                            "network_interface.0.subnetwork_project": "",
                            "self_link": "https://www.googleapis.com/compute/v1/projects/testing-168423/zones/us-central1-c/instances/standby2",
                            "service_account.#": "0",
                            "tags_fingerprint": "42WmSpB8rSM=",
                            "zone": "us-central1-c"
                        },
                        "meta": {
                            "schema_version": "2"
                        },
                        "tainted": false
                    },
                    "deposed": [],
                    "provider": ""
                }
            },
            "depends_on": []
        }
    ]
}
